
Microsoft Visual Studio Solution File, Format Version 12.00
# Visual Studio Version 16
VisualStudioVersion = 16.0.31321.278
MinimumVisualStudioVersion = 10.0.40219.1
Project("{FAE04EC0-301F-11D3-BF4B-00C04F79EFBC}") = "is-1-20-LebedAN", "is-1-20-LebedAN\is-1-20-LebedAN.csproj", "{226AD52D-987E-4623-801B-D4FF64BD81DE}"
EndProject
Project("{FAE04EC0-301F-11D3-BF4B-00C04F79EFBC}") = "Requests", "Requests\Requests.csproj", "{C7B81455-F958-41FF-8119-2F50573B475A}"
EndProject
Global
	GlobalSection(SolutionConfigurationPlatforms) = preSolution
		Debug|Any CPU = Debug|Any CPU
		Release|Any CPU = Release|Any CPU
	EndGlobalSection
	GlobalSection(ProjectConfigurationPlatforms) = postSolution
		{226AD52D-987E-4623-801B-D4FF64BD81DE}.Debug|Any CPU.ActiveCfg = Debug|Any CPU
		{226AD52D-987E-4623-801B-D4FF64BD81DE}.Debug|Any CPU.Build.0 = Debug|Any CPU
		{226AD52D-987E-4623-801B-D4FF64BD81DE}.Release|Any CPU.ActiveCfg = Release|Any CPU
		{226AD52D-987E-4623-801B-D4FF64BD81DE}.Release|Any CPU.Build.0 = Release|Any CPU
		{C7B81455-F958-41FF-8119-2F50573B475A}.Debug|Any CPU.ActiveCfg = Debug|Any CPU
		{C7B81455-F958-41FF-8119-2F50573B475A}.Debug|Any CPU.Build.0 = Debug|Any CPU
		{C7B81455-F958-41FF-8119-2F50573B475A}.Release|Any CPU.ActiveCfg = Release|Any CPU
		{C7B81455-F958-41FF-8119-2F50573B475A}.Release|Any CPU.Build.0 = Release|Any CPU
	EndGlobalSection
	GlobalSection(SolutionProperties) = preSolution
		HideSolutionNode = FALSE
	EndGlobalSection
	GlobalSection(ExtensibilityGlobals) = postSolution
		SolutionGuid = {D57E09A7-97ED-437D-BEA4-2BEFCB1A7A05}
	EndGlobalSection
EndGlobal
